
Microsoft Visual Studio Solution File, Format Version 12.00
# Visual Studio Version 17
VisualStudioVersion = 17.0.31903.59
MinimumVisualStudioVersion = 10.0.40219.1
Project("{9A19103F-16F7-4668-BE54-9A1E7A4F7556}") = "DegiskenTanimlama", "DegiskenTanimlama\DegiskenTanimlama.csproj", "{402C93DB-4FCF-4D43-9056-75B43E5AD15D}"
EndProject
Project("{9A19103F-16F7-4668-BE54-9A1E7A4F7556}") = "IFElse", "IFElse\IFElse.csproj", "{D989B601-930F-4C3E-9B3F-332A6C7B36C4}"
EndProject
Project("{9A19103F-16F7-4668-BE54-9A1E7A4F7556}") = "TipDonusum", "TipDonusum\TipDonusum.csproj", "{D2C4CC33-2C96-4B10-82FD-6645E7FA3228}"
EndProject
Project("{FAE04EC0-301F-11D3-BF4B-00C04F79EFBC}") = "Donguler_4", "Donguler_4\Donguler_4.csproj", "{73CC6A85-CAD3-4EFE-A1AC-78677FDF0ADA}"
EndProject
Global
	GlobalSection(SolutionConfigurationPlatforms) = preSolution
		Debug|Any CPU = Debug|Any CPU
		Release|Any CPU = Release|Any CPU
	EndGlobalSection
	GlobalSection(ProjectConfigurationPlatforms) = postSolution
		{402C93DB-4FCF-4D43-9056-75B43E5AD15D}.Debug|Any CPU.ActiveCfg = Debug|Any CPU
		{402C93DB-4FCF-4D43-9056-75B43E5AD15D}.Debug|Any CPU.Build.0 = Debug|Any CPU
		{402C93DB-4FCF-4D43-9056-75B43E5AD15D}.Release|Any CPU.ActiveCfg = Release|Any CPU
		{402C93DB-4FCF-4D43-9056-75B43E5AD15D}.Release|Any CPU.Build.0 = Release|Any CPU
		{D989B601-930F-4C3E-9B3F-332A6C7B36C4}.Debug|Any CPU.ActiveCfg = Debug|Any CPU
		{D989B601-930F-4C3E-9B3F-332A6C7B36C4}.Debug|Any CPU.Build.0 = Debug|Any CPU
		{D989B601-930F-4C3E-9B3F-332A6C7B36C4}.Release|Any CPU.ActiveCfg = Release|Any CPU
		{D989B601-930F-4C3E-9B3F-332A6C7B36C4}.Release|Any CPU.Build.0 = Release|Any CPU
		{D2C4CC33-2C96-4B10-82FD-6645E7FA3228}.Debug|Any CPU.ActiveCfg = Debug|Any CPU
		{D2C4CC33-2C96-4B10-82FD-6645E7FA3228}.Debug|Any CPU.Build.0 = Debug|Any CPU
		{D2C4CC33-2C96-4B10-82FD-6645E7FA3228}.Release|Any CPU.ActiveCfg = Release|Any CPU
		{D2C4CC33-2C96-4B10-82FD-6645E7FA3228}.Release|Any CPU.Build.0 = Release|Any CPU
		{73CC6A85-CAD3-4EFE-A1AC-78677FDF0ADA}.Debug|Any CPU.ActiveCfg = Debug|Any CPU
		{73CC6A85-CAD3-4EFE-A1AC-78677FDF0ADA}.Debug|Any CPU.Build.0 = Debug|Any CPU
		{73CC6A85-CAD3-4EFE-A1AC-78677FDF0ADA}.Release|Any CPU.ActiveCfg = Release|Any CPU
		{73CC6A85-CAD3-4EFE-A1AC-78677FDF0ADA}.Release|Any CPU.Build.0 = Release|Any CPU
	EndGlobalSection
	GlobalSection(SolutionProperties) = preSolution
		HideSolutionNode = FALSE
	EndGlobalSection
	GlobalSection(ExtensibilityGlobals) = postSolution
		SolutionGuid = {3F8286E6-DF98-40E4-B03F-5DA9679EC240}
	EndGlobalSection
EndGlobal
